
Microsoft Visual Studio Solution File, Format Version 12.00
# Visual Studio Version 17
VisualStudioVersion = 17.0.31825.309
MinimumVisualStudioVersion = 10.0.40219.1
Project("{FAE04EC0-301F-11D3-BF4B-00C04F79EFBC}") = "SrvAppCargasSisbol", "SrvAppCargasSisbol.csproj", "{8550A896-5926-400B-BA1D-6CD94CF9EC60}"
EndProject
Project("{FAE04EC0-301F-11D3-BF4B-00C04F79EFBC}") = "SrvAppCargasSisbol.Data", "..\SrvAppCargasSisbol.Data\SrvAppCargasSisbol.Data.csproj", "{3BC41AB9-1335-400C-8822-2DE46B2E44ED}"
EndProject
Global
	GlobalSection(SolutionConfigurationPlatforms) = preSolution
		Debug|Any CPU = Debug|Any CPU
		Release|Any CPU = Release|Any CPU
	EndGlobalSection
	GlobalSection(ProjectConfigurationPlatforms) = postSolution
		{8550A896-5926-400B-BA1D-6CD94CF9EC60}.Debug|Any CPU.ActiveCfg = Debug|Any CPU
		{8550A896-5926-400B-BA1D-6CD94CF9EC60}.Debug|Any CPU.Build.0 = Debug|Any CPU
		{8550A896-5926-400B-BA1D-6CD94CF9EC60}.Release|Any CPU.ActiveCfg = Release|Any CPU
		{8550A896-5926-400B-BA1D-6CD94CF9EC60}.Release|Any CPU.Build.0 = Release|Any CPU
		{3BC41AB9-1335-400C-8822-2DE46B2E44ED}.Debug|Any CPU.ActiveCfg = Debug|Any CPU
		{3BC41AB9-1335-400C-8822-2DE46B2E44ED}.Debug|Any CPU.Build.0 = Debug|Any CPU
		{3BC41AB9-1335-400C-8822-2DE46B2E44ED}.Release|Any CPU.ActiveCfg = Release|Any CPU
		{3BC41AB9-1335-400C-8822-2DE46B2E44ED}.Release|Any CPU.Build.0 = Release|Any CPU
	EndGlobalSection
	GlobalSection(SolutionProperties) = preSolution
		HideSolutionNode = FALSE
	EndGlobalSection
	GlobalSection(ExtensibilityGlobals) = postSolution
		SolutionGuid = {B06DBEC4-C146-4408-A7D6-AC538E9E53C6}
	EndGlobalSection
EndGlobal
